
Microsoft Visual Studio Solution File, Format Version 12.00
# Visual Studio Version 16
VisualStudioVersion = 16.0.29306.81
MinimumVisualStudioVersion = 10.0.40219.1
Project("{FAE04EC0-301F-11D3-BF4B-00C04F79EFBC}") = "Statistics Calculator Assignment 3", "Statistics Calculator Assignment 3\Statistics Calculator Assignment 3.csproj", "{4969BD84-FE36-4645-A886-2E804798F2B2}"
EndProject
Global
	GlobalSection(SolutionConfigurationPlatforms) = preSolution
		Debug|Any CPU = Debug|Any CPU
		Release|Any CPU = Release|Any CPU
	EndGlobalSection
	GlobalSection(ProjectConfigurationPlatforms) = postSolution
		{4969BD84-FE36-4645-A886-2E804798F2B2}.Debug|Any CPU.ActiveCfg = Debug|Any CPU
		{4969BD84-FE36-4645-A886-2E804798F2B2}.Debug|Any CPU.Build.0 = Debug|Any CPU
		{4969BD84-FE36-4645-A886-2E804798F2B2}.Release|Any CPU.ActiveCfg = Release|Any CPU
		{4969BD84-FE36-4645-A886-2E804798F2B2}.Release|Any CPU.Build.0 = Release|Any CPU
	EndGlobalSection
	GlobalSection(SolutionProperties) = preSolution
		HideSolutionNode = FALSE
	EndGlobalSection
	GlobalSection(ExtensibilityGlobals) = postSolution
		SolutionGuid = {360FB174-A02E-49E7-B41B-3A2B25AA6319}
	EndGlobalSection
EndGlobal
